
Microsoft Visual Studio Solution File, Format Version 12.00
Project("{FAE04EC0-301F-11D3-BF4B-00C04F79EFBC}") = "test-tiny-mce", "test-tiny-mce\test-tiny-mce.csproj", "{9E9335DD-5896-499A-9F14-B98E268B4141}"
EndProject
Global
	GlobalSection(SolutionConfigurationPlatforms) = preSolution
		Debug|Any CPU = Debug|Any CPU
		Release|Any CPU = Release|Any CPU
	EndGlobalSection
	GlobalSection(ProjectConfigurationPlatforms) = postSolution
		{9E9335DD-5896-499A-9F14-B98E268B4141}.Debug|Any CPU.ActiveCfg = Debug|Any CPU
		{9E9335DD-5896-499A-9F14-B98E268B4141}.Debug|Any CPU.Build.0 = Debug|Any CPU
		{9E9335DD-5896-499A-9F14-B98E268B4141}.Release|Any CPU.ActiveCfg = Release|Any CPU
		{9E9335DD-5896-499A-9F14-B98E268B4141}.Release|Any CPU.Build.0 = Release|Any CPU
	EndGlobalSection
EndGlobal
